PODS:
  - ChameleonFramework/Default (2.1.0)
  - ChameleonFramework/Swift (2.1.0):
    - ChameleonFramework/Default
  - RxCocoa (2.3.0):
    - RxSwift (~> 2.3)
  - RxSwift (2.3.0)

DEPENDENCIES:
  - ChameleonFramework/Swift
  - RxCocoa
  - RxSwift

SPEC CHECKSUMS:
  ChameleonFramework: d21a3cc247abfe5e37609a283a8238b03575cf64
  RxCocoa: cde4e993f496d2577bc3ba8b7dc7bf55a4ed809a
  RxSwift: 0df59cc5edf28a31dbf83b049220b4b8e76b07c8

COCOAPODS: 0.39.0
