// !$*UTF8*$!
{
	archiveVersion = 1;
	classes = {
	};
	objectVersion = 46;
	objects = {

/* Begin PBXBuildFile section */
		144106B71C6CC62D00CD6F15 /* GithubEndpoint.swift in Sources */ = {isa = PBXBuildFile; fileRef = 144106B61C6CC62D00CD6F15 /* GithubEndpoint.swift */; };
		144106B91C6CC75F00CD6F15 /* RespositoryEntity.swift in Sources */ = {isa = PBXBuildFile; fileRef = 144106B81C6CC75F00CD6F15 /* RespositoryEntity.swift */; };
		144106BD1C6CD07400CD6F15 /* IssueDetailsViewController.swift in Sources */ = {isa = PBXBuildFile; fileRef = 144106BC1C6CD07400CD6F15 /* IssueDetailsViewController.swift */; };
		144106BF1C6CD66600CD6F15 /* IssueTrackerModel.swift in Sources */ = {isa = PBXBuildFile; fileRef = 144106BE1C6CD66600CD6F15 /* IssueTrackerModel.swift */; };
		14F750CA1C6B8289005EED40 /* AppDelegate.swift in Sources */ = {isa = PBXBuildFile; fileRef = 14F750C91C6B8289005EED40 /* AppDelegate.swift */; };
		14F750CC1C6B8289005EED40 /* IssueListViewController.swift in Sources */ = {isa = PBXBuildFile; fileRef = 14F750CB1C6B8289005EED40 /* IssueListViewController.swift */; };
		14F750CF1C6B8289005EED40 /* Main.storyboard in Resources */ = {isa = PBXBuildFile; fileRef = 14F750CD1C6B8289005EED40 /* Main.storyboard */; };
		14F750D11C6B8289005EED40 /* Assets.xcassets in Resources */ = {isa = PBXBuildFile; fileRef = 14F750D01C6B8289005EED40 /* Assets.xcassets */; };
		14F750D41C6B8289005EED40 /* LaunchScreen.storyboard in Resources */ = {isa = PBXBuildFile; fileRef = 14F750D21C6B8289005EED40 /* LaunchScreen.storyboard */; };
		6590B00A6BB039CF740C4F45 /* Pods_RxMoyaExample.framework in Frameworks */ = {isa = PBXBuildFile; fileRef = 8A27D36A5508088F5B13BCC3 /* Pods_RxMoyaExample.framework */; };
/* End PBXBuildFile section */

/* Begin PBXFileReference section */
		12F05D8CBEB80C80C97FE2CD /* Pods-RxMoyaExample.release.xcconfig */ = {isa = PBXFileReference; includeInIndex = 1; lastKnownFileType = text.xcconfig; name = "Pods-RxMoyaExample.release.xcconfig"; path = "Pods/Target Support Files/Pods-RxMoyaExample/Pods-RxMoyaExample.release.xcconfig"; sourceTree = "<group>"; };
		144106B61C6CC62D00CD6F15 /* GithubEndpoint.swift */ = {isa = PBXFileReference; fileEncoding = 4; lastKnownFileType = sourcecode.swift; path = GithubEndpoint.swift; sourceTree = "<group>"; };
		144106B81C6CC75F00CD6F15 /* RespositoryEntity.swift */ = {isa = PBXFileReference; fileEncoding = 4; lastKnownFileType = sourcecode.swift; path = RespositoryEntity.swift; sourceTree = "<group>"; };
		144106BC1C6CD07400CD6F15 /* IssueDetailsViewController.swift */ = {isa = PBXFileReference; fileEncoding = 4; lastKnownFileType = sourcecode.swift; path = IssueDetailsViewController.swift; sourceTree = "<group>"; };
		144106BE1C6CD66600CD6F15 /* IssueTrackerModel.swift */ = {isa = PBXFileReference; fileEncoding = 4; lastKnownFileType = sourcecode.swift; path = IssueTrackerModel.swift; sourceTree = "<group>"; };
		14F750C61C6B8289005EED40 /* RxMoyaExample.app */ = {isa = PBXFileReference; explicitFileType = wrapper.application; includeInIndex = 0; path = RxMoyaExample.app; sourceTree = BUILT_PRODUCTS_DIR; };
		14F750C91C6B8289005EED40 /* AppDelegate.swift */ = {isa = PBXFileReference; lastKnownFileType = sourcecode.swift; path = AppDelegate.swift; sourceTree = "<group>"; };
		14F750CB1C6B8289005EED40 /* IssueListViewController.swift */ = {isa = PBXFileReference; lastKnownFileType = sourcecode.swift; path = IssueListViewController.swift; sourceTree = "<group>"; };
		14F750CE1C6B8289005EED40 /* Base */ = {isa = PBXFileReference; lastKnownFileType = file.storyboard; name = Base; path = Base.lproj/Main.storyboard; sourceTree = "<group>"; };
		14F750D01C6B8289005EED40 /* Assets.xcassets */ = {isa = PBXFileReference; lastKnownFileType = folder.assetcatalog; path = Assets.xcassets; sourceTree = "<group>"; };
		14F750D31C6B8289005EED40 /* Base */ = {isa = PBXFileReference; lastKnownFileType = file.storyboard; name = Base; path = Base.lproj/LaunchScreen.storyboard; sourceTree = "<group>"; };
		14F750D51C6B8289005EED40 /* Info.plist */ = {isa = PBXFileReference; lastKnownFileType = text.plist.xml; path = Info.plist; sourceTree = "<group>"; };
		2B6581D9EE01627A578F0053 /* Pods-RxMoyaExample.debug.xcconfig */ = {isa = PBXFileReference; includeInIndex = 1; lastKnownFileType = text.xcconfig; name = "Pods-RxMoyaExample.debug.xcconfig"; path = "Pods/Target Support Files/Pods-RxMoyaExample/Pods-RxMoyaExample.debug.xcconfig"; sourceTree = "<group>"; };
		8A27D36A5508088F5B13BCC3 /* Pods_RxMoyaExample.framework */ = {isa = PBXFileReference; explicitFileType = wrapper.framework; includeInIndex = 0; path = Pods_RxMoyaExample.framework; sourceTree = BUILT_PRODUCTS_DIR; };
/* End PBXFileReference section */

/* Begin PBXFrameworksBuildPhase section */
		14F750C31C6B8289005EED40 /* Frameworks */ = {
			isa = PBXFrameworksBuildPhase;
			buildActionMask = 2147483647;
			files = (
				6590B00A6BB039CF740C4F45 /* Pods_RxMoyaExample.framework in Frameworks */,
			);
			runOnlyForDeploymentPostprocessing = 0;
		};
/* End PBXFrameworksBuildPhase section */

/* Begin PBXGroup section */
		144106BA1C6CCB4100CD6F15 /* Networking */ = {
			isa = PBXGroup;
			children = (
				144106B61C6CC62D00CD6F15 /* GithubEndpoint.swift */,
				144106B81C6CC75F00CD6F15 /* RespositoryEntity.swift */,
				144106BE1C6CD66600CD6F15 /* IssueTrackerModel.swift */,
			);
			name = Networking;
			sourceTree = "<group>";
		};
		144106BB1C6CD05400CD6F15 /* View controllers */ = {
			isa = PBXGroup;
			children = (
				14F750CB1C6B8289005EED40 /* IssueListViewController.swift */,
				144106BC1C6CD07400CD6F15 /* IssueDetailsViewController.swift */,
			);
			name = "View controllers";
			sourceTree = "<group>";
		};
		14F750BD1C6B8289005EED40 = {
			isa = PBXGroup;
			children = (
				14F750C81C6B8289005EED40 /* RxMoyaExample */,
				14F750C71C6B8289005EED40 /* Products */,
				E624D7C86BA435FAFF2B460A /* Pods */,
				92DBC9C4E4A8994D02269358 /* Frameworks */,
			);
			sourceTree = "<group>";
		};
		14F750C71C6B8289005EED40 /* Products */ = {
			isa = PBXGroup;
			children = (
				14F750C61C6B8289005EED40 /* RxMoyaExample.app */,
			);
			name = Products;
			sourceTree = "<group>";
		};
		14F750C81C6B8289005EED40 /* RxMoyaExample */ = {
			isa = PBXGroup;
			children = (
				144106BB1C6CD05400CD6F15 /* View controllers */,
				144106BA1C6CCB4100CD6F15 /* Networking */,
				14F750C91C6B8289005EED40 /* AppDelegate.swift */,
				14F750CD1C6B8289005EED40 /* Main.storyboard */,
				14F750D01C6B8289005EED40 /* Assets.xcassets */,
				14F750D21C6B8289005EED40 /* LaunchScreen.storyboard */,
				14F750D51C6B8289005EED40 /* Info.plist */,
			);
			path = RxMoyaExample;
			sourceTree = "<group>";
		};
		92DBC9C4E4A8994D02269358 /* Frameworks */ = {
			isa = PBXGroup;
			children = (
				8A27D36A5508088F5B13BCC3 /* Pods_RxMoyaExample.framework */,
			);
			name = Frameworks;
			sourceTree = "<group>";
		};
		E624D7C86BA435FAFF2B460A /* Pods */ = {
			isa = PBXGroup;
			children = (
				2B6581D9EE01627A578F0053 /* Pods-RxMoyaExample.debug.xcconfig */,
				12F05D8CBEB80C80C97FE2CD /* Pods-RxMoyaExample.release.xcconfig */,
			);
			name = Pods;
			sourceTree = "<group>";
		};
/* End PBXGroup section */

/* Begin PBXNativeTarget section */
		14F750C51C6B8289005EED40 /* RxMoyaExample */ = {
			isa = PBXNativeTarget;
			buildConfigurationList = 14F750D81C6B8289005EED40 /* Build configuration list for PBXNativeTarget "RxMoyaExample" */;
			buildPhases = (
				EE834708B051F807E7583911 /* Check Pods Manifest.lock */,
				14F750C21C6B8289005EED40 /* Sources */,
				14F750C31C6B8289005EED40 /* Frameworks */,
				14F750C41C6B8289005EED40 /* Resources */,
				1E66D56F418D66EDA5D492C3 /* Embed Pods Frameworks */,
				A7E665FA677EE13B78ADF78F /* Copy Pods Resources */,
			);
			buildRules = (
			);
			dependencies = (
			);
			name = RxMoyaExample;
			productName = RxMoyaExample;
			productReference = 14F750C61C6B8289005EED40 /* RxMoyaExample.app */;
			productType = "com.apple.product-type.application";
		};
/* End PBXNativeTarget section */

/* Begin PBXProject section */
		14F750BE1C6B8289005EED40 /* Project object */ = {
			isa = PBXProject;
			attributes = {
				LastSwiftUpdateCheck = 0720;
				LastUpgradeCheck = 0720;
				ORGANIZATIONNAME = "Droids on Roids";
				TargetAttributes = {
					14F750C51C6B8289005EED40 = {
						CreatedOnToolsVersion = 7.2.1;
					};
				};
			};
			buildConfigurationList = 14F750C11C6B8289005EED40 /* Build configuration list for PBXProject "RxMoyaExample" */;
			compatibilityVersion = "Xcode 3.2";
			developmentRegion = English;
			hasScannedForEncodings = 0;
			knownRegions = (
				en,
				Base,
			);
			mainGroup = 14F750BD1C6B8289005EED40;
			productRefGroup = 14F750C71C6B8289005EED40 /* Products */;
			projectDirPath = "";
			projectRoot = "";
			targets = (
				14F750C51C6B8289005EED40 /* RxMoyaExample */,
			);
		};
/* End PBXProject section */

/* Begin PBXResourcesBuildPhase section */
		14F750C41C6B8289005EED40 /* Resources */ = {
			isa = PBXResourcesBuildPhase;
			buildActionMask = 2147483647;
			files = (
				14F750D41C6B8289005EED40 /* LaunchScreen.storyboard in Resources */,
				14F750D11C6B8289005EED40 /* Assets.xcassets in Resources */,
				14F750CF1C6B8289005EED40 /* Main.storyboard in Resources */,
			);
			runOnlyForDeploymentPostprocessing = 0;
		};
/* End PBXResourcesBuildPhase section */

/* Begin PBXShellScriptBuildPhase section */
		1E66D56F418D66EDA5D492C3 /* Embed Pods Frameworks */ = {
			isa = PBXShellScriptBuildPhase;
			buildActionMask = 2147483647;
			files = (
			);
			inputPaths = (
			);
			name = "Embed Pods Frameworks";
			outputPaths = (
			);
			runOnlyForDeploymentPostprocessing = 0;
			shellPath = /bin/sh;
			shellScript = "\"${SRCROOT}/Pods/Target Support Files/Pods-RxMoyaExample/Pods-RxMoyaExample-frameworks.sh\"\n";
			showEnvVarsInLog = 0;
		};
		A7E665FA677EE13B78ADF78F /* Copy Pods Resources */ = {
			isa = PBXShellScriptBuildPhase;
			buildActionMask = 2147483647;
			files = (
			);
			inputPaths = (
			);
			name = "Copy Pods Resources";
			outputPaths = (
			);
			runOnlyForDeploymentPostprocessing = 0;
			shellPath = /bin/sh;
			shellScript = "\"${SRCROOT}/Pods/Target Support Files/Pods-RxMoyaExample/Pods-RxMoyaExample-resources.sh\"\n";
			showEnvVarsInLog = 0;
		};
		EE834708B051F807E7583911 /* Check Pods Manifest.lock */ = {
			isa = PBXShellScriptBuildPhase;
			buildActionMask = 2147483647;
			files = (
			);
			inputPaths = (
			);
			name = "Check Pods Manifest.lock";
			outputPaths = (
			);
			runOnlyForDeploymentPostprocessing = 0;
			shellPath = /bin/sh;
			shellScript = "diff \"${PODS_ROOT}/../Podfile.lock\" \"${PODS_ROOT}/Manifest.lock\" > /dev/null\nif [[ $? != 0 ]] ; then\n    cat << EOM\nerror: The sandbox is not in sync with the Podfile.lock. Run 'pod install' or update your CocoaPods installation.\nEOM\n    exit 1\nfi\n";
			showEnvVarsInLog = 0;
		};
/* End PBXShellScriptBuildPhase section */

/* Begin PBXSourcesBuildPhase section */
		14F750C21C6B8289005EED40 /* Sources */ = {
			isa = PBXSourcesBuildPhase;
			buildActionMask = 2147483647;
			files = (
				14F750CC1C6B8289005EED40 /* IssueListViewController.swift in Sources */,
				144106B91C6CC75F00CD6F15 /* RespositoryEntity.swift in Sources */,
				144106B71C6CC62D00CD6F15 /* GithubEndpoint.swift in Sources */,
				14F750CA1C6B8289005EED40 /* AppDelegate.swift in Sources */,
				144106BF1C6CD66600CD6F15 /* IssueTrackerModel.swift in Sources */,
				144106BD1C6CD07400CD6F15 /* IssueDetailsViewController.swift in Sources */,
			);
			runOnlyForDeploymentPostprocessing = 0;
		};
/* End PBXSourcesBuildPhase section */

/* Begin PBXVariantGroup section */
		14F750CD1C6B8289005EED40 /* Main.storyboard */ = {
			isa = PBXVariantGroup;
			children = (
				14F750CE1C6B8289005EED40 /* Base */,
			);
			name = Main.storyboard;
			sourceTree = "<group>";
		};
		14F750D21C6B8289005EED40 /* LaunchScreen.storyboard */ = {
			isa = PBXVariantGroup;
			children = (
				14F750D31C6B8289005EED40 /* Base */,
			);
			name = LaunchScreen.storyboard;
			sourceTree = "<group>";
		};
/* End PBXVariantGroup section */

/* Begin XCBuildConfiguration section */
		14F750D61C6B8289005EED40 /* Debug */ = {
			isa = XCBuildConfiguration;
			buildSettings = {
				ALWAYS_SEARCH_USER_PATHS = NO;
				CLANG_CXX_LANGUAGE_STANDARD = "gnu++0x";
				CLANG_CXX_LIBRARY = "libc++";
				CLANG_ENABLE_MODULES = YES;
				CLANG_ENABLE_OBJC_ARC = YES;
				CLANG_WARN_BOOL_CONVERSION = YES;
				CLANG_WARN_CONSTANT_CONVERSION = YES;
				CLANG_WARN_DIRECT_OBJC_ISA_USAGE = YES_ERROR;
				CLANG_WARN_EMPTY_BODY = YES;
				CLANG_WARN_ENUM_CONVERSION = YES;
				CLANG_WARN_INT_CONVERSION = YES;
				CLANG_WARN_OBJC_ROOT_CLASS = YES_ERROR;
				CLANG_WARN_UNREACHABLE_CODE = YES;
				CLANG_WARN__DUPLICATE_METHOD_MATCH = YES;
				"CODE_SIGN_IDENTITY[sdk=iphoneos*]" = "iPhone Developer";
				COPY_PHASE_STRIP = NO;
				DEBUG_INFORMATION_FORMAT = dwarf;
				ENABLE_STRICT_OBJC_MSGSEND = YES;
				ENABLE_TESTABILITY = YES;
				GCC_C_LANGUAGE_STANDARD = gnu99;
				GCC_DYNAMIC_NO_PIC = NO;
				GCC_NO_COMMON_BLOCKS = YES;
				GCC_OPTIMIZATION_LEVEL = 0;
				GCC_PREPROCESSOR_DEFINITIONS = (
					"DEBUG=1",
					"$(inherited)",
				);
				GCC_WARN_64_TO_32_BIT_CONVERSION = YES;
				GCC_WARN_ABOUT_RETURN_TYPE = YES_ERROR;
				GCC_WARN_UNDECLARED_SELECTOR = YES;
				GCC_WARN_UNINITIALIZED_AUTOS = YES_AGGRESSIVE;
				GCC_WARN_UNUSED_FUNCTION = YES;
				GCC_WARN_UNUSED_VARIABLE = YES;
				IPHONEOS_DEPLOYMENT_TARGET = 9.2;
				MTL_ENABLE_DEBUG_INFO = YES;
				ONLY_ACTIVE_ARCH = YES;
				SDKROOT = iphoneos;
				SWIFT_OPTIMIZATION_LEVEL = "-Onone";
			};
			name = Debug;
		};
		14F750D71C6B8289005EED40 /* Release */ = {
			isa = XCBuildConfiguration;
			buildSettings = {
				ALWAYS_SEARCH_USER_PATHS = NO;
				CLANG_CXX_LANGUAGE_STANDARD = "gnu++0x";
				CLANG_CXX_LIBRARY = "libc++";
				CLANG_ENABLE_MODULES = YES;
				CLANG_ENABLE_OBJC_ARC = YES;
				CLANG_WARN_BOOL_CONVERSION = YES;
				CLANG_WARN_CONSTANT_CONVERSION = YES;
				CLANG_WARN_DIRECT_OBJC_ISA_USAGE = YES_ERROR;
				CLANG_WARN_EMPTY_BODY = YES;
				CLANG_WARN_ENUM_CONVERSION = YES;
				CLANG_WARN_INT_CONVERSION = YES;
				CLANG_WARN_OBJC_ROOT_CLASS = YES_ERROR;
				CLANG_WARN_UNREACHABLE_CODE = YES;
				CLANG_WARN__DUPLICATE_METHOD_MATCH = YES;
				"CODE_SIGN_IDENTITY[sdk=iphoneos*]" = "iPhone Developer";
				COPY_PHASE_STRIP = NO;
				DEBUG_INFORMATION_FORMAT = "dwarf-with-dsym";
				ENABLE_NS_ASSERTIONS = NO;
				ENABLE_STRICT_OBJC_MSGSEND = YES;
				GCC_C_LANGUAGE_STANDARD = gnu99;
				GCC_NO_COMMON_BLOCKS = YES;
				GCC_WARN_64_TO_32_BIT_CONVERSION = YES;
				GCC_WARN_ABOUT_RETURN_TYPE = YES_ERROR;
				GCC_WARN_UNDECLARED_SELECTOR = YES;
				GCC_WARN_UNINITIALIZED_AUTOS = YES_AGGRESSIVE;
				GCC_WARN_UNUSED_FUNCTION = YES;
				GCC_WARN_UNUSED_VARIABLE = YES;
				IPHONEOS_DEPLOYMENT_TARGET = 9.2;
				MTL_ENABLE_DEBUG_INFO = NO;
				SDKROOT = iphoneos;
				VALIDATE_PRODUCT = YES;
			};
			name = Release;
		};
		14F750D91C6B8289005EED40 /* Debug */ = {
			isa = XCBuildConfiguration;
			baseConfigurationReference = 2B6581D9EE01627A578F0053 /* Pods-RxMoyaExample.debug.xcconfig */;
			buildSettings = {
				ASSETCATALOG_COMPILER_APPICON_NAME = AppIcon;
				INFOPLIST_FILE = RxMoyaExample/Info.plist;
				LD_RUNPATH_SEARCH_PATHS = "$(inherited) @executable_path/Frameworks";
				PRODUCT_BUNDLE_IDENTIFIER = com.droidsonroids.RxMoyaExample;
				PRODUCT_NAME = "$(TARGET_NAME)";
			};
			name = Debug;
		};
		14F750DA1C6B8289005EED40 /* Release */ = {
			isa = XCBuildConfiguration;
			baseConfigurationReference = 12F05D8CBEB80C80C97FE2CD /* Pods-RxMoyaExample.release.xcconfig */;
			buildSettings = {
				ASSETCATALOG_COMPILER_APPICON_NAME = AppIcon;
				INFOPLIST_FILE = RxMoyaExample/Info.plist;
				LD_RUNPATH_SEARCH_PATHS = "$(inherited) @executable_path/Frameworks";
				PRODUCT_BUNDLE_IDENTIFIER = com.droidsonroids.RxMoyaExample;
				PRODUCT_NAME = "$(TARGET_NAME)";
			};
			name = Release;
		};
/* End XCBuildConfiguration section */

/* Begin XCConfigurationList section */
		14F750C11C6B8289005EED40 /* Build configuration list for PBXProject "RxMoyaExample" */ = {
			isa = XCConfigurationList;
			buildConfigurations = (
				14F750D61C6B8289005EED40 /* Debug */,
				14F750D71C6B8289005EED40 /* Release */,
			);
			defaultConfigurationIsVisible = 0;
			defaultConfigurationName = Release;
		};
		14F750D81C6B8289005EED40 /* Build configuration list for PBXNativeTarget "RxMoyaExample" */ = {
			isa = XCConfigurationList;
			buildConfigurations = (
				14F750D91C6B8289005EED40 /* Debug */,
				14F750DA1C6B8289005EED40 /* Release */,
			);
			defaultConfigurationIsVisible = 0;
			defaultConfigurationName = Release;
		};
/* End XCConfigurationList section */
	};
	rootObject = 14F750BE1C6B8289005EED40 /* Project object */;
}
