// !$*UTF8*$!
{
	archiveVersion = 1;
	classes = {
	};
	objectVersion = 46;
	objects = {

/* Begin PBXBuildFile section */
		1445F51E1C69CCBA00DC786A /* AppDelegate.swift in Sources */ = {isa = PBXBuildFile; fileRef = 1445F51D1C69CCBA00DC786A /* AppDelegate.swift */; };
		1445F5201C69CCBA00DC786A /* ViewController.swift in Sources */ = {isa = PBXBuildFile; fileRef = 1445F51F1C69CCBA00DC786A /* ViewController.swift */; };
		1445F5231C69CCBA00DC786A /* Main.storyboard in Resources */ = {isa = PBXBuildFile; fileRef = 1445F5211C69CCBA00DC786A /* Main.storyboard */; };
		1445F5251C69CCBA00DC786A /* Assets.xcassets in Resources */ = {isa = PBXBuildFile; fileRef = 1445F5241C69CCBA00DC786A /* Assets.xcassets */; };
		1445F5281C69CCBA00DC786A /* LaunchScreen.storyboard in Resources */ = {isa = PBXBuildFile; fileRef = 1445F5261C69CCBA00DC786A /* LaunchScreen.storyboard */; };
		14586C1D1C69F81000FC7314 /* CircleViewModel.swift in Sources */ = {isa = PBXBuildFile; fileRef = 14586C1C1C69F81000FC7314 /* CircleViewModel.swift */; };
		DE8E043555D36C730D1B5731 /* Pods_RxViewModelExample.framework in Frameworks */ = {isa = PBXBuildFile; fileRef = EC8AA368143B24FF431386FE /* Pods_RxViewModelExample.framework */; };
/* End PBXBuildFile section */

/* Begin PBXFileReference section */
		1445F51A1C69CCBA00DC786A /* RxViewModelExample.app */ = {isa = PBXFileReference; explicitFileType = wrapper.application; includeInIndex = 0; path = RxViewModelExample.app; sourceTree = BUILT_PRODUCTS_DIR; };
		1445F51D1C69CCBA00DC786A /* AppDelegate.swift */ = {isa = PBXFileReference; lastKnownFileType = sourcecode.swift; path = AppDelegate.swift; sourceTree = "<group>"; };
		1445F51F1C69CCBA00DC786A /* ViewController.swift */ = {isa = PBXFileReference; lastKnownFileType = sourcecode.swift; path = ViewController.swift; sourceTree = "<group>"; };
		1445F5221C69CCBA00DC786A /* Base */ = {isa = PBXFileReference; lastKnownFileType = file.storyboard; name = Base; path = Base.lproj/Main.storyboard; sourceTree = "<group>"; };
		1445F5241C69CCBA00DC786A /* Assets.xcassets */ = {isa = PBXFileReference; lastKnownFileType = folder.assetcatalog; path = Assets.xcassets; sourceTree = "<group>"; };
		1445F5271C69CCBA00DC786A /* Base */ = {isa = PBXFileReference; lastKnownFileType = file.storyboard; name = Base; path = Base.lproj/LaunchScreen.storyboard; sourceTree = "<group>"; };
		1445F5291C69CCBA00DC786A /* Info.plist */ = {isa = PBXFileReference; lastKnownFileType = text.plist.xml; path = Info.plist; sourceTree = "<group>"; };
		14586C1C1C69F81000FC7314 /* CircleViewModel.swift */ = {isa = PBXFileReference; fileEncoding = 4; lastKnownFileType = sourcecode.swift; path = CircleViewModel.swift; sourceTree = "<group>"; };
		2F25014EC23BE9382A518634 /* Pods-RxViewModelExample.debug.xcconfig */ = {isa = PBXFileReference; includeInIndex = 1; lastKnownFileType = text.xcconfig; name = "Pods-RxViewModelExample.debug.xcconfig"; path = "Pods/Target Support Files/Pods-RxViewModelExample/Pods-RxViewModelExample.debug.xcconfig"; sourceTree = "<group>"; };
		B8095C62EB211B0321E849E2 /* Pods-RxViewModelExample.release.xcconfig */ = {isa = PBXFileReference; includeInIndex = 1; lastKnownFileType = text.xcconfig; name = "Pods-RxViewModelExample.release.xcconfig"; path = "Pods/Target Support Files/Pods-RxViewModelExample/Pods-RxViewModelExample.release.xcconfig"; sourceTree = "<group>"; };
		EC8AA368143B24FF431386FE /* Pods_RxViewModelExample.framework */ = {isa = PBXFileReference; explicitFileType = wrapper.framework; includeInIndex = 0; path = Pods_RxViewModelExample.framework; sourceTree = BUILT_PRODUCTS_DIR; };
/* End PBXFileReference section */

/* Begin PBXFrameworksBuildPhase section */
		1445F5171C69CCBA00DC786A /* Frameworks */ = {
			isa = PBXFrameworksBuildPhase;
			buildActionMask = 2147483647;
			files = (
				DE8E043555D36C730D1B5731 /* Pods_RxViewModelExample.framework in Frameworks */,
			);
			runOnlyForDeploymentPostprocessing = 0;
		};
/* End PBXFrameworksBuildPhase section */

/* Begin PBXGroup section */
		05D85DF022102247835528C0 /* Frameworks */ = {
			isa = PBXGroup;
			children = (
				EC8AA368143B24FF431386FE /* Pods_RxViewModelExample.framework */,
			);
			name = Frameworks;
			sourceTree = "<group>";
		};
		06103BEE3FA6AE7F72F58A91 /* Pods */ = {
			isa = PBXGroup;
			children = (
				2F25014EC23BE9382A518634 /* Pods-RxViewModelExample.debug.xcconfig */,
				B8095C62EB211B0321E849E2 /* Pods-RxViewModelExample.release.xcconfig */,
			);
			name = Pods;
			sourceTree = "<group>";
		};
		1445F5111C69CCBA00DC786A = {
			isa = PBXGroup;
			children = (
				1445F51C1C69CCBA00DC786A /* RxViewModelExample */,
				1445F51B1C69CCBA00DC786A /* Products */,
				06103BEE3FA6AE7F72F58A91 /* Pods */,
				05D85DF022102247835528C0 /* Frameworks */,
			);
			sourceTree = "<group>";
		};
		1445F51B1C69CCBA00DC786A /* Products */ = {
			isa = PBXGroup;
			children = (
				1445F51A1C69CCBA00DC786A /* RxViewModelExample.app */,
			);
			name = Products;
			sourceTree = "<group>";
		};
		1445F51C1C69CCBA00DC786A /* RxViewModelExample */ = {
			isa = PBXGroup;
			children = (
				1445F51D1C69CCBA00DC786A /* AppDelegate.swift */,
				1445F51F1C69CCBA00DC786A /* ViewController.swift */,
				1445F5211C69CCBA00DC786A /* Main.storyboard */,
				1445F5241C69CCBA00DC786A /* Assets.xcassets */,
				1445F5261C69CCBA00DC786A /* LaunchScreen.storyboard */,
				1445F5291C69CCBA00DC786A /* Info.plist */,
				14586C1C1C69F81000FC7314 /* CircleViewModel.swift */,
			);
			path = RxViewModelExample;
			sourceTree = "<group>";
		};
/* End PBXGroup section */

/* Begin PBXNativeTarget section */
		1445F5191C69CCBA00DC786A /* RxViewModelExample */ = {
			isa = PBXNativeTarget;
			buildConfigurationList = 1445F52C1C69CCBA00DC786A /* Build configuration list for PBXNativeTarget "RxViewModelExample" */;
			buildPhases = (
				46C358F61319F03267499279 /* Check Pods Manifest.lock */,
				1445F5161C69CCBA00DC786A /* Sources */,
				1445F5171C69CCBA00DC786A /* Frameworks */,
				1445F5181C69CCBA00DC786A /* Resources */,
				169A2F21FCC549B719E5240C /* Embed Pods Frameworks */,
				231F9B2564A1D99C5FB95469 /* Copy Pods Resources */,
			);
			buildRules = (
			);
			dependencies = (
			);
			name = RxViewModelExample;
			productName = RxViewModelExample;
			productReference = 1445F51A1C69CCBA00DC786A /* RxViewModelExample.app */;
			productType = "com.apple.product-type.application";
		};
/* End PBXNativeTarget section */

/* Begin PBXProject section */
		1445F5121C69CCBA00DC786A /* Project object */ = {
			isa = PBXProject;
			attributes = {
				LastSwiftUpdateCheck = 0720;
				LastUpgradeCheck = 0720;
				ORGANIZATIONNAME = "Droids on Roids";
				TargetAttributes = {
					1445F5191C69CCBA00DC786A = {
						CreatedOnToolsVersion = 7.2.1;
						DevelopmentTeam = 53CHNC6J63;
					};
				};
			};
			buildConfigurationList = 1445F5151C69CCBA00DC786A /* Build configuration list for PBXProject "RxViewModelExample" */;
			compatibilityVersion = "Xcode 3.2";
			developmentRegion = English;
			hasScannedForEncodings = 0;
			knownRegions = (
				en,
				Base,
			);
			mainGroup = 1445F5111C69CCBA00DC786A;
			productRefGroup = 1445F51B1C69CCBA00DC786A /* Products */;
			projectDirPath = "";
			projectRoot = "";
			targets = (
				1445F5191C69CCBA00DC786A /* RxViewModelExample */,
			);
		};
/* End PBXProject section */

/* Begin PBXResourcesBuildPhase section */
		1445F5181C69CCBA00DC786A /* Resources */ = {
			isa = PBXResourcesBuildPhase;
			buildActionMask = 2147483647;
			files = (
				1445F5281C69CCBA00DC786A /* LaunchScreen.storyboard in Resources */,
				1445F5251C69CCBA00DC786A /* Assets.xcassets in Resources */,
				1445F5231C69CCBA00DC786A /* Main.storyboard in Resources */,
			);
			runOnlyForDeploymentPostprocessing = 0;
		};
/* End PBXResourcesBuildPhase section */

/* Begin PBXShellScriptBuildPhase section */
		169A2F21FCC549B719E5240C /* Embed Pods Frameworks */ = {
			isa = PBXShellScriptBuildPhase;
			buildActionMask = 2147483647;
			files = (
			);
			inputPaths = (
			);
			name = "Embed Pods Frameworks";
			outputPaths = (
			);
			runOnlyForDeploymentPostprocessing = 0;
			shellPath = /bin/sh;
			shellScript = "\"${SRCROOT}/Pods/Target Support Files/Pods-RxViewModelExample/Pods-RxViewModelExample-frameworks.sh\"\n";
			showEnvVarsInLog = 0;
		};
		231F9B2564A1D99C5FB95469 /* Copy Pods Resources */ = {
			isa = PBXShellScriptBuildPhase;
			buildActionMask = 2147483647;
			files = (
			);
			inputPaths = (
			);
			name = "Copy Pods Resources";
			outputPaths = (
			);
			runOnlyForDeploymentPostprocessing = 0;
			shellPath = /bin/sh;
			shellScript = "\"${SRCROOT}/Pods/Target Support Files/Pods-RxViewModelExample/Pods-RxViewModelExample-resources.sh\"\n";
			showEnvVarsInLog = 0;
		};
		46C358F61319F03267499279 /* Check Pods Manifest.lock */ = {
			isa = PBXShellScriptBuildPhase;
			buildActionMask = 2147483647;
			files = (
			);
			inputPaths = (
			);
			name = "Check Pods Manifest.lock";
			outputPaths = (
			);
			runOnlyForDeploymentPostprocessing = 0;
			shellPath = /bin/sh;
			shellScript = "diff \"${PODS_ROOT}/../Podfile.lock\" \"${PODS_ROOT}/Manifest.lock\" > /dev/null\nif [[ $? != 0 ]] ; then\n    cat << EOM\nerror: The sandbox is not in sync with the Podfile.lock. Run 'pod install' or update your CocoaPods installation.\nEOM\n    exit 1\nfi\n";
			showEnvVarsInLog = 0;
		};
/* End PBXShellScriptBuildPhase section */

/* Begin PBXSourcesBuildPhase section */
		1445F5161C69CCBA00DC786A /* Sources */ = {
			isa = PBXSourcesBuildPhase;
			buildActionMask = 2147483647;
			files = (
				14586C1D1C69F81000FC7314 /* CircleViewModel.swift in Sources */,
				1445F5201C69CCBA00DC786A /* ViewController.swift in Sources */,
				1445F51E1C69CCBA00DC786A /* AppDelegate.swift in Sources */,
			);
			runOnlyForDeploymentPostprocessing = 0;
		};
/* End PBXSourcesBuildPhase section */

/* Begin PBXVariantGroup section */
		1445F5211C69CCBA00DC786A /* Main.storyboard */ = {
			isa = PBXVariantGroup;
			children = (
				1445F5221C69CCBA00DC786A /* Base */,
			);
			name = Main.storyboard;
			sourceTree = "<group>";
		};
		1445F5261C69CCBA00DC786A /* LaunchScreen.storyboard */ = {
			isa = PBXVariantGroup;
			children = (
				1445F5271C69CCBA00DC786A /* Base */,
			);
			name = LaunchScreen.storyboard;
			sourceTree = "<group>";
		};
/* End PBXVariantGroup section */

/* Begin XCBuildConfiguration section */
		1445F52A1C69CCBA00DC786A /* Debug */ = {
			isa = XCBuildConfiguration;
			buildSettings = {
				ALWAYS_SEARCH_USER_PATHS = NO;
				CLANG_CXX_LANGUAGE_STANDARD = "gnu++0x";
				CLANG_CXX_LIBRARY = "libc++";
				CLANG_ENABLE_MODULES = YES;
				CLANG_ENABLE_OBJC_ARC = YES;
				CLANG_WARN_BOOL_CONVERSION = YES;
				CLANG_WARN_CONSTANT_CONVERSION = YES;
				CLANG_WARN_DIRECT_OBJC_ISA_USAGE = YES_ERROR;
				CLANG_WARN_EMPTY_BODY = YES;
				CLANG_WARN_ENUM_CONVERSION = YES;
				CLANG_WARN_INT_CONVERSION = YES;
				CLANG_WARN_OBJC_ROOT_CLASS = YES_ERROR;
				CLANG_WARN_UNREACHABLE_CODE = YES;
				CLANG_WARN__DUPLICATE_METHOD_MATCH = YES;
				"CODE_SIGN_IDENTITY[sdk=iphoneos*]" = "iPhone Developer";
				COPY_PHASE_STRIP = NO;
				DEBUG_INFORMATION_FORMAT = dwarf;
				ENABLE_STRICT_OBJC_MSGSEND = YES;
				ENABLE_TESTABILITY = YES;
				GCC_C_LANGUAGE_STANDARD = gnu99;
				GCC_DYNAMIC_NO_PIC = NO;
				GCC_NO_COMMON_BLOCKS = YES;
				GCC_OPTIMIZATION_LEVEL = 0;
				GCC_PREPROCESSOR_DEFINITIONS = (
					"DEBUG=1",
					"$(inherited)",
				);
				GCC_WARN_64_TO_32_BIT_CONVERSION = YES;
				GCC_WARN_ABOUT_RETURN_TYPE = YES_ERROR;
				GCC_WARN_UNDECLARED_SELECTOR = YES;
				GCC_WARN_UNINITIALIZED_AUTOS = YES_AGGRESSIVE;
				GCC_WARN_UNUSED_FUNCTION = YES;
				GCC_WARN_UNUSED_VARIABLE = YES;
				IPHONEOS_DEPLOYMENT_TARGET = 9.2;
				MTL_ENABLE_DEBUG_INFO = YES;
				ONLY_ACTIVE_ARCH = YES;
				SDKROOT = iphoneos;
				SWIFT_OPTIMIZATION_LEVEL = "-Onone";
			};
			name = Debug;
		};
		1445F52B1C69CCBA00DC786A /* Release */ = {
			isa = XCBuildConfiguration;
			buildSettings = {
				ALWAYS_SEARCH_USER_PATHS = NO;
				CLANG_CXX_LANGUAGE_STANDARD = "gnu++0x";
				CLANG_CXX_LIBRARY = "libc++";
				CLANG_ENABLE_MODULES = YES;
				CLANG_ENABLE_OBJC_ARC = YES;
				CLANG_WARN_BOOL_CONVERSION = YES;
				CLANG_WARN_CONSTANT_CONVERSION = YES;
				CLANG_WARN_DIRECT_OBJC_ISA_USAGE = YES_ERROR;
				CLANG_WARN_EMPTY_BODY = YES;
				CLANG_WARN_ENUM_CONVERSION = YES;
				CLANG_WARN_INT_CONVERSION = YES;
				CLANG_WARN_OBJC_ROOT_CLASS = YES_ERROR;
				CLANG_WARN_UNREACHABLE_CODE = YES;
				CLANG_WARN__DUPLICATE_METHOD_MATCH = YES;
				"CODE_SIGN_IDENTITY[sdk=iphoneos*]" = "iPhone Developer";
				COPY_PHASE_STRIP = NO;
				DEBUG_INFORMATION_FORMAT = "dwarf-with-dsym";
				ENABLE_NS_ASSERTIONS = NO;
				ENABLE_STRICT_OBJC_MSGSEND = YES;
				GCC_C_LANGUAGE_STANDARD = gnu99;
				GCC_NO_COMMON_BLOCKS = YES;
				GCC_WARN_64_TO_32_BIT_CONVERSION = YES;
				GCC_WARN_ABOUT_RETURN_TYPE = YES_ERROR;
				GCC_WARN_UNDECLARED_SELECTOR = YES;
				GCC_WARN_UNINITIALIZED_AUTOS = YES_AGGRESSIVE;
				GCC_WARN_UNUSED_FUNCTION = YES;
				GCC_WARN_UNUSED_VARIABLE = YES;
				IPHONEOS_DEPLOYMENT_TARGET = 9.2;
				MTL_ENABLE_DEBUG_INFO = NO;
				SDKROOT = iphoneos;
				VALIDATE_PRODUCT = YES;
			};
			name = Release;
		};
		1445F52D1C69CCBA00DC786A /* Debug */ = {
			isa = XCBuildConfiguration;
			baseConfigurationReference = 2F25014EC23BE9382A518634 /* Pods-RxViewModelExample.debug.xcconfig */;
			buildSettings = {
				ASSETCATALOG_COMPILER_APPICON_NAME = AppIcon;
				CODE_SIGN_IDENTITY = "iPhone Developer";
				"CODE_SIGN_IDENTITY[sdk=iphoneos*]" = "iPhone Developer";
				INFOPLIST_FILE = RxViewModelExample/Info.plist;
				IPHONEOS_DEPLOYMENT_TARGET = 9.0;
				LD_RUNPATH_SEARCH_PATHS = "$(inherited) @executable_path/Frameworks";
				PRODUCT_BUNDLE_IDENTIFIER = com.droidsonroids.RxViewModelExample;
				PRODUCT_NAME = "$(TARGET_NAME)";
				PROVISIONING_PROFILE = "";
			};
			name = Debug;
		};
		1445F52E1C69CCBA00DC786A /* Release */ = {
			isa = XCBuildConfiguration;
			baseConfigurationReference = B8095C62EB211B0321E849E2 /* Pods-RxViewModelExample.release.xcconfig */;
			buildSettings = {
				ASSETCATALOG_COMPILER_APPICON_NAME = AppIcon;
				CODE_SIGN_IDENTITY = "iPhone Developer";
				"CODE_SIGN_IDENTITY[sdk=iphoneos*]" = "iPhone Developer";
				INFOPLIST_FILE = RxViewModelExample/Info.plist;
				IPHONEOS_DEPLOYMENT_TARGET = 9.0;
				LD_RUNPATH_SEARCH_PATHS = "$(inherited) @executable_path/Frameworks";
				PRODUCT_BUNDLE_IDENTIFIER = com.droidsonroids.RxViewModelExample;
				PRODUCT_NAME = "$(TARGET_NAME)";
				PROVISIONING_PROFILE = "";
			};
			name = Release;
		};
/* End XCBuildConfiguration section */

/* Begin XCConfigurationList section */
		1445F5151C69CCBA00DC786A /* Build configuration list for PBXProject "RxViewModelExample" */ = {
			isa = XCConfigurationList;
			buildConfigurations = (
				1445F52A1C69CCBA00DC786A /* Debug */,
				1445F52B1C69CCBA00DC786A /* Release */,
			);
			defaultConfigurationIsVisible = 0;
			defaultConfigurationName = Release;
		};
		1445F52C1C69CCBA00DC786A /* Build configuration list for PBXNativeTarget "RxViewModelExample" */ = {
			isa = XCConfigurationList;
			buildConfigurations = (
				1445F52D1C69CCBA00DC786A /* Debug */,
				1445F52E1C69CCBA00DC786A /* Release */,
			);
			defaultConfigurationIsVisible = 0;
			defaultConfigurationName = Release;
		};
/* End XCConfigurationList section */
	};
	rootObject = 1445F5121C69CCBA00DC786A /* Project object */;
}
