PODS:
  - Alamofire (3.4.1)
  - ModelMapper (2.1.0)
  - Moya (7.0.0):
    - Moya/Core (= 7.0.0)
  - Moya-ModelMapper/Core (3.0.0):
    - ModelMapper (~> 2.0)
    - Moya (~> 7.0)
  - Moya-ModelMapper/RxSwift (3.0.0):
    - Moya-ModelMapper/Core
    - Moya/RxSwift (~> 7.0)
    - RxSwift (~> 2.3)
  - Moya/Core (7.0.0):
    - Alamofire (~> 3.0)
    - Result (~> 2.0)
  - Moya/RxSwift (7.0.0):
    - Moya/Core
    - RxSwift (~> 2.0)
  - Result (2.1.3)
  - RxCocoa (2.6.0):
    - RxSwift (~> 2.5)
  - RxOptional (2.0.0):
    - RxCocoa (~> 2.0)
    - RxSwift (~> 2.0)
  - RxSwift (2.6.0)

DEPENDENCIES:
  - Moya-ModelMapper/RxSwift
  - Moya/RxSwift
  - RxCocoa (~> 2.0)
  - RxOptional (~> 2.0)
  - RxSwift (~> 2.0)

SPEC CHECKSUMS:
  Alamofire: 01a82e2f6c0f860ade35534c8dd88be61bdef40c
  ModelMapper: e599744bc1e869bdb87b453b7ce16981028b8513
  Moya: f004b82418fb8165ee1fc9f86190db4b3611fda9
  Moya-ModelMapper: b4ffff5dfd8cdd338f5a586090eae82166df5ac4
  Result: 18e1a7597fbcca5923c565b40a25a98afafdee02
  RxCocoa: 89ab00d5753502520227940e3a0e0a0413683c6b
  RxOptional: b77fb47a0190213cf8a37c7a2b7fda28160b4563
  RxSwift: 77f3a0b15324baa7a1c9bfa9f199648a82424e26

PODFILE CHECKSUM: e350aaa99f7dd9beb8b92ec967f4091709cd4af7

COCOAPODS: 1.0.1
