// !$*UTF8*$!
{
	archiveVersion = 1;
	classes = {
	};
	objectVersion = 46;
	objects = {

/* Begin PBXBuildFile section */
		14F750AA1C6B61B5005EED40 /* AppDelegate.swift in Sources */ = {isa = PBXBuildFile; fileRef = 14F750A91C6B61B5005EED40 /* AppDelegate.swift */; };
		14F750AC1C6B61B5005EED40 /* ViewController.swift in Sources */ = {isa = PBXBuildFile; fileRef = 14F750AB1C6B61B5005EED40 /* ViewController.swift */; };
		14F750AF1C6B61B5005EED40 /* Main.storyboard in Resources */ = {isa = PBXBuildFile; fileRef = 14F750AD1C6B61B5005EED40 /* Main.storyboard */; };
		14F750B11C6B61B5005EED40 /* Assets.xcassets in Resources */ = {isa = PBXBuildFile; fileRef = 14F750B01C6B61B5005EED40 /* Assets.xcassets */; };
		14F750B41C6B61B5005EED40 /* LaunchScreen.storyboard in Resources */ = {isa = PBXBuildFile; fileRef = 14F750B21C6B61B5005EED40 /* LaunchScreen.storyboard */; };
		14F750BC1C6B7149005EED40 /* Repository.swift in Sources */ = {isa = PBXBuildFile; fileRef = 14F750BB1C6B7149005EED40 /* Repository.swift */; };
		B6B8D7C781886CA5A6BC6427 /* Pods_RxAlamofireExample.framework in Frameworks */ = {isa = PBXBuildFile; fileRef = 05D8C8BF5138BD2D2EF794DE /* Pods_RxAlamofireExample.framework */; };
/* End PBXBuildFile section */

/* Begin PBXFileReference section */
		05D8C8BF5138BD2D2EF794DE /* Pods_RxAlamofireExample.framework */ = {isa = PBXFileReference; explicitFileType = wrapper.framework; includeInIndex = 0; path = Pods_RxAlamofireExample.framework; sourceTree = BUILT_PRODUCTS_DIR; };
		14F750A61C6B61B5005EED40 /* RxAlamofireExample.app */ = {isa = PBXFileReference; explicitFileType = wrapper.application; includeInIndex = 0; path = RxAlamofireExample.app; sourceTree = BUILT_PRODUCTS_DIR; };
		14F750A91C6B61B5005EED40 /* AppDelegate.swift */ = {isa = PBXFileReference; lastKnownFileType = sourcecode.swift; path = AppDelegate.swift; sourceTree = "<group>"; };
		14F750AB1C6B61B5005EED40 /* ViewController.swift */ = {isa = PBXFileReference; lastKnownFileType = sourcecode.swift; path = ViewController.swift; sourceTree = "<group>"; };
		14F750AE1C6B61B5005EED40 /* Base */ = {isa = PBXFileReference; lastKnownFileType = file.storyboard; name = Base; path = Base.lproj/Main.storyboard; sourceTree = "<group>"; };
		14F750B01C6B61B5005EED40 /* Assets.xcassets */ = {isa = PBXFileReference; lastKnownFileType = folder.assetcatalog; path = Assets.xcassets; sourceTree = "<group>"; };
		14F750B31C6B61B5005EED40 /* Base */ = {isa = PBXFileReference; lastKnownFileType = file.storyboard; name = Base; path = Base.lproj/LaunchScreen.storyboard; sourceTree = "<group>"; };
		14F750B51C6B61B5005EED40 /* Info.plist */ = {isa = PBXFileReference; lastKnownFileType = text.plist.xml; path = Info.plist; sourceTree = "<group>"; };
		14F750BB1C6B7149005EED40 /* Repository.swift */ = {isa = PBXFileReference; fileEncoding = 4; lastKnownFileType = sourcecode.swift; path = Repository.swift; sourceTree = "<group>"; };
		5AE02464940B0E294793A25A /* Pods-RxAlamofireExample.debug.xcconfig */ = {isa = PBXFileReference; includeInIndex = 1; lastKnownFileType = text.xcconfig; name = "Pods-RxAlamofireExample.debug.xcconfig"; path = "Pods/Target Support Files/Pods-RxAlamofireExample/Pods-RxAlamofireExample.debug.xcconfig"; sourceTree = "<group>"; };
		9614D9F00F1BD5750E8310AD /* Pods-RxAlamofireExample.release.xcconfig */ = {isa = PBXFileReference; includeInIndex = 1; lastKnownFileType = text.xcconfig; name = "Pods-RxAlamofireExample.release.xcconfig"; path = "Pods/Target Support Files/Pods-RxAlamofireExample/Pods-RxAlamofireExample.release.xcconfig"; sourceTree = "<group>"; };
/* End PBXFileReference section */

/* Begin PBXFrameworksBuildPhase section */
		14F750A31C6B61B5005EED40 /* Frameworks */ = {
			isa = PBXFrameworksBuildPhase;
			buildActionMask = 2147483647;
			files = (
				B6B8D7C781886CA5A6BC6427 /* Pods_RxAlamofireExample.framework in Frameworks */,
			);
			runOnlyForDeploymentPostprocessing = 0;
		};
/* End PBXFrameworksBuildPhase section */

/* Begin PBXGroup section */
		14F7509D1C6B61B5005EED40 = {
			isa = PBXGroup;
			children = (
				14F750A81C6B61B5005EED40 /* RxAlamofireExample */,
				14F750A71C6B61B5005EED40 /* Products */,
				60CD184C1763DDCFB6B348FF /* Pods */,
				C7A5773BF9741A4EC6D475AD /* Frameworks */,
			);
			sourceTree = "<group>";
		};
		14F750A71C6B61B5005EED40 /* Products */ = {
			isa = PBXGroup;
			children = (
				14F750A61C6B61B5005EED40 /* RxAlamofireExample.app */,
			);
			name = Products;
			sourceTree = "<group>";
		};
		14F750A81C6B61B5005EED40 /* RxAlamofireExample */ = {
			isa = PBXGroup;
			children = (
				14F750A91C6B61B5005EED40 /* AppDelegate.swift */,
				14F750AB1C6B61B5005EED40 /* ViewController.swift */,
				14F750AD1C6B61B5005EED40 /* Main.storyboard */,
				14F750B01C6B61B5005EED40 /* Assets.xcassets */,
				14F750B21C6B61B5005EED40 /* LaunchScreen.storyboard */,
				14F750B51C6B61B5005EED40 /* Info.plist */,
				14F750BB1C6B7149005EED40 /* Repository.swift */,
			);
			path = RxAlamofireExample;
			sourceTree = "<group>";
		};
		60CD184C1763DDCFB6B348FF /* Pods */ = {
			isa = PBXGroup;
			children = (
				5AE02464940B0E294793A25A /* Pods-RxAlamofireExample.debug.xcconfig */,
				9614D9F00F1BD5750E8310AD /* Pods-RxAlamofireExample.release.xcconfig */,
			);
			name = Pods;
			sourceTree = "<group>";
		};
		C7A5773BF9741A4EC6D475AD /* Frameworks */ = {
			isa = PBXGroup;
			children = (
				05D8C8BF5138BD2D2EF794DE /* Pods_RxAlamofireExample.framework */,
			);
			name = Frameworks;
			sourceTree = "<group>";
		};
/* End PBXGroup section */

/* Begin PBXNativeTarget section */
		14F750A51C6B61B5005EED40 /* RxAlamofireExample */ = {
			isa = PBXNativeTarget;
			buildConfigurationList = 14F750B81C6B61B5005EED40 /* Build configuration list for PBXNativeTarget "RxAlamofireExample" */;
			buildPhases = (
				53EA515075DDC048BCA32F5A /* Check Pods Manifest.lock */,
				14F750A21C6B61B5005EED40 /* Sources */,
				14F750A31C6B61B5005EED40 /* Frameworks */,
				14F750A41C6B61B5005EED40 /* Resources */,
				56F6972524AC06DBEE9FB923 /* Embed Pods Frameworks */,
				B31597ACBE919903C67A0D49 /* Copy Pods Resources */,
			);
			buildRules = (
			);
			dependencies = (
			);
			name = RxAlamofireExample;
			productName = RxAlamofireExample;
			productReference = 14F750A61C6B61B5005EED40 /* RxAlamofireExample.app */;
			productType = "com.apple.product-type.application";
		};
/* End PBXNativeTarget section */

/* Begin PBXProject section */
		14F7509E1C6B61B5005EED40 /* Project object */ = {
			isa = PBXProject;
			attributes = {
				LastSwiftUpdateCheck = 0720;
				LastUpgradeCheck = 0720;
				ORGANIZATIONNAME = "Droids on Roids";
				TargetAttributes = {
					14F750A51C6B61B5005EED40 = {
						CreatedOnToolsVersion = 7.2.1;
					};
				};
			};
			buildConfigurationList = 14F750A11C6B61B5005EED40 /* Build configuration list for PBXProject "RxAlamofireExample" */;
			compatibilityVersion = "Xcode 3.2";
			developmentRegion = English;
			hasScannedForEncodings = 0;
			knownRegions = (
				en,
				Base,
			);
			mainGroup = 14F7509D1C6B61B5005EED40;
			productRefGroup = 14F750A71C6B61B5005EED40 /* Products */;
			projectDirPath = "";
			projectRoot = "";
			targets = (
				14F750A51C6B61B5005EED40 /* RxAlamofireExample */,
			);
		};
/* End PBXProject section */

/* Begin PBXResourcesBuildPhase section */
		14F750A41C6B61B5005EED40 /* Resources */ = {
			isa = PBXResourcesBuildPhase;
			buildActionMask = 2147483647;
			files = (
				14F750B41C6B61B5005EED40 /* LaunchScreen.storyboard in Resources */,
				14F750B11C6B61B5005EED40 /* Assets.xcassets in Resources */,
				14F750AF1C6B61B5005EED40 /* Main.storyboard in Resources */,
			);
			runOnlyForDeploymentPostprocessing = 0;
		};
/* End PBXResourcesBuildPhase section */

/* Begin PBXShellScriptBuildPhase section */
		53EA515075DDC048BCA32F5A /* Check Pods Manifest.lock */ = {
			isa = PBXShellScriptBuildPhase;
			buildActionMask = 2147483647;
			files = (
			);
			inputPaths = (
			);
			name = "Check Pods Manifest.lock";
			outputPaths = (
			);
			runOnlyForDeploymentPostprocessing = 0;
			shellPath = /bin/sh;
			shellScript = "diff \"${PODS_ROOT}/../Podfile.lock\" \"${PODS_ROOT}/Manifest.lock\" > /dev/null\nif [[ $? != 0 ]] ; then\n    cat << EOM\nerror: The sandbox is not in sync with the Podfile.lock. Run 'pod install' or update your CocoaPods installation.\nEOM\n    exit 1\nfi\n";
			showEnvVarsInLog = 0;
		};
		56F6972524AC06DBEE9FB923 /* Embed Pods Frameworks */ = {
			isa = PBXShellScriptBuildPhase;
			buildActionMask = 2147483647;
			files = (
			);
			inputPaths = (
			);
			name = "Embed Pods Frameworks";
			outputPaths = (
			);
			runOnlyForDeploymentPostprocessing = 0;
			shellPath = /bin/sh;
			shellScript = "\"${SRCROOT}/Pods/Target Support Files/Pods-RxAlamofireExample/Pods-RxAlamofireExample-frameworks.sh\"\n";
			showEnvVarsInLog = 0;
		};
		B31597ACBE919903C67A0D49 /* Copy Pods Resources */ = {
			isa = PBXShellScriptBuildPhase;
			buildActionMask = 2147483647;
			files = (
			);
			inputPaths = (
			);
			name = "Copy Pods Resources";
			outputPaths = (
			);
			runOnlyForDeploymentPostprocessing = 0;
			shellPath = /bin/sh;
			shellScript = "\"${SRCROOT}/Pods/Target Support Files/Pods-RxAlamofireExample/Pods-RxAlamofireExample-resources.sh\"\n";
			showEnvVarsInLog = 0;
		};
/* End PBXShellScriptBuildPhase section */

/* Begin PBXSourcesBuildPhase section */
		14F750A21C6B61B5005EED40 /* Sources */ = {
			isa = PBXSourcesBuildPhase;
			buildActionMask = 2147483647;
			files = (
				14F750AC1C6B61B5005EED40 /* ViewController.swift in Sources */,
				14F750AA1C6B61B5005EED40 /* AppDelegate.swift in Sources */,
				14F750BC1C6B7149005EED40 /* Repository.swift in Sources */,
			);
			runOnlyForDeploymentPostprocessing = 0;
		};
/* End PBXSourcesBuildPhase section */

/* Begin PBXVariantGroup section */
		14F750AD1C6B61B5005EED40 /* Main.storyboard */ = {
			isa = PBXVariantGroup;
			children = (
				14F750AE1C6B61B5005EED40 /* Base */,
			);
			name = Main.storyboard;
			sourceTree = "<group>";
		};
		14F750B21C6B61B5005EED40 /* LaunchScreen.storyboard */ = {
			isa = PBXVariantGroup;
			children = (
				14F750B31C6B61B5005EED40 /* Base */,
			);
			name = LaunchScreen.storyboard;
			sourceTree = "<group>";
		};
/* End PBXVariantGroup section */

/* Begin XCBuildConfiguration section */
		14F750B61C6B61B5005EED40 /* Debug */ = {
			isa = XCBuildConfiguration;
			buildSettings = {
				ALWAYS_SEARCH_USER_PATHS = NO;
				CLANG_CXX_LANGUAGE_STANDARD = "gnu++0x";
				CLANG_CXX_LIBRARY = "libc++";
				CLANG_ENABLE_MODULES = YES;
				CLANG_ENABLE_OBJC_ARC = YES;
				CLANG_WARN_BOOL_CONVERSION = YES;
				CLANG_WARN_CONSTANT_CONVERSION = YES;
				CLANG_WARN_DIRECT_OBJC_ISA_USAGE = YES_ERROR;
				CLANG_WARN_EMPTY_BODY = YES;
				CLANG_WARN_ENUM_CONVERSION = YES;
				CLANG_WARN_INT_CONVERSION = YES;
				CLANG_WARN_OBJC_ROOT_CLASS = YES_ERROR;
				CLANG_WARN_UNREACHABLE_CODE = YES;
				CLANG_WARN__DUPLICATE_METHOD_MATCH = YES;
				"CODE_SIGN_IDENTITY[sdk=iphoneos*]" = "iPhone Developer";
				COPY_PHASE_STRIP = NO;
				DEBUG_INFORMATION_FORMAT = dwarf;
				ENABLE_STRICT_OBJC_MSGSEND = YES;
				ENABLE_TESTABILITY = YES;
				GCC_C_LANGUAGE_STANDARD = gnu99;
				GCC_DYNAMIC_NO_PIC = NO;
				GCC_NO_COMMON_BLOCKS = YES;
				GCC_OPTIMIZATION_LEVEL = 0;
				GCC_PREPROCESSOR_DEFINITIONS = (
					"DEBUG=1",
					"$(inherited)",
				);
				GCC_WARN_64_TO_32_BIT_CONVERSION = YES;
				GCC_WARN_ABOUT_RETURN_TYPE = YES_ERROR;
				GCC_WARN_UNDECLARED_SELECTOR = YES;
				GCC_WARN_UNINITIALIZED_AUTOS = YES_AGGRESSIVE;
				GCC_WARN_UNUSED_FUNCTION = YES;
				GCC_WARN_UNUSED_VARIABLE = YES;
				IPHONEOS_DEPLOYMENT_TARGET = 9.2;
				MTL_ENABLE_DEBUG_INFO = YES;
				ONLY_ACTIVE_ARCH = YES;
				SDKROOT = iphoneos;
				SWIFT_OPTIMIZATION_LEVEL = "-Onone";
			};
			name = Debug;
		};
		14F750B71C6B61B5005EED40 /* Release */ = {
			isa = XCBuildConfiguration;
			buildSettings = {
				ALWAYS_SEARCH_USER_PATHS = NO;
				CLANG_CXX_LANGUAGE_STANDARD = "gnu++0x";
				CLANG_CXX_LIBRARY = "libc++";
				CLANG_ENABLE_MODULES = YES;
				CLANG_ENABLE_OBJC_ARC = YES;
				CLANG_WARN_BOOL_CONVERSION = YES;
				CLANG_WARN_CONSTANT_CONVERSION = YES;
				CLANG_WARN_DIRECT_OBJC_ISA_USAGE = YES_ERROR;
				CLANG_WARN_EMPTY_BODY = YES;
				CLANG_WARN_ENUM_CONVERSION = YES;
				CLANG_WARN_INT_CONVERSION = YES;
				CLANG_WARN_OBJC_ROOT_CLASS = YES_ERROR;
				CLANG_WARN_UNREACHABLE_CODE = YES;
				CLANG_WARN__DUPLICATE_METHOD_MATCH = YES;
				"CODE_SIGN_IDENTITY[sdk=iphoneos*]" = "iPhone Developer";
				COPY_PHASE_STRIP = NO;
				DEBUG_INFORMATION_FORMAT = "dwarf-with-dsym";
				ENABLE_NS_ASSERTIONS = NO;
				ENABLE_STRICT_OBJC_MSGSEND = YES;
				GCC_C_LANGUAGE_STANDARD = gnu99;
				GCC_NO_COMMON_BLOCKS = YES;
				GCC_WARN_64_TO_32_BIT_CONVERSION = YES;
				GCC_WARN_ABOUT_RETURN_TYPE = YES_ERROR;
				GCC_WARN_UNDECLARED_SELECTOR = YES;
				GCC_WARN_UNINITIALIZED_AUTOS = YES_AGGRESSIVE;
				GCC_WARN_UNUSED_FUNCTION = YES;
				GCC_WARN_UNUSED_VARIABLE = YES;
				IPHONEOS_DEPLOYMENT_TARGET = 9.2;
				MTL_ENABLE_DEBUG_INFO = NO;
				SDKROOT = iphoneos;
				VALIDATE_PRODUCT = YES;
			};
			name = Release;
		};
		14F750B91C6B61B5005EED40 /* Debug */ = {
			isa = XCBuildConfiguration;
			baseConfigurationReference = 5AE02464940B0E294793A25A /* Pods-RxAlamofireExample.debug.xcconfig */;
			buildSettings = {
				ASSETCATALOG_COMPILER_APPICON_NAME = AppIcon;
				CODE_SIGN_IDENTITY = "iPhone Developer";
				"CODE_SIGN_IDENTITY[sdk=iphoneos*]" = "iPhone Developer";
				INFOPLIST_FILE = RxAlamofireExample/Info.plist;
				IPHONEOS_DEPLOYMENT_TARGET = 9.0;
				LD_RUNPATH_SEARCH_PATHS = "$(inherited) @executable_path/Frameworks";
				PRODUCT_BUNDLE_IDENTIFIER = com.droidsonroids.RxAlamofireExample;
				PRODUCT_NAME = "$(TARGET_NAME)";
				PROVISIONING_PROFILE = "";
			};
			name = Debug;
		};
		14F750BA1C6B61B5005EED40 /* Release */ = {
			isa = XCBuildConfiguration;
			baseConfigurationReference = 9614D9F00F1BD5750E8310AD /* Pods-RxAlamofireExample.release.xcconfig */;
			buildSettings = {
				ASSETCATALOG_COMPILER_APPICON_NAME = AppIcon;
				CODE_SIGN_IDENTITY = "iPhone Developer";
				"CODE_SIGN_IDENTITY[sdk=iphoneos*]" = "iPhone Developer";
				INFOPLIST_FILE = RxAlamofireExample/Info.plist;
				IPHONEOS_DEPLOYMENT_TARGET = 9.0;
				LD_RUNPATH_SEARCH_PATHS = "$(inherited) @executable_path/Frameworks";
				PRODUCT_BUNDLE_IDENTIFIER = com.droidsonroids.RxAlamofireExample;
				PRODUCT_NAME = "$(TARGET_NAME)";
				PROVISIONING_PROFILE = "";
			};
			name = Release;
		};
/* End XCBuildConfiguration section */

/* Begin XCConfigurationList section */
		14F750A11C6B61B5005EED40 /* Build configuration list for PBXProject "RxAlamofireExample" */ = {
			isa = XCConfigurationList;
			buildConfigurations = (
				14F750B61C6B61B5005EED40 /* Debug */,
				14F750B71C6B61B5005EED40 /* Release */,
			);
			defaultConfigurationIsVisible = 0;
			defaultConfigurationName = Release;
		};
		14F750B81C6B61B5005EED40 /* Build configuration list for PBXNativeTarget "RxAlamofireExample" */ = {
			isa = XCConfigurationList;
			buildConfigurations = (
				14F750B91C6B61B5005EED40 /* Debug */,
				14F750BA1C6B61B5005EED40 /* Release */,
			);
			defaultConfigurationIsVisible = 0;
			defaultConfigurationName = Release;
		};
/* End XCConfigurationList section */
	};
	rootObject = 14F7509E1C6B61B5005EED40 /* Project object */;
}
