PODS:
  - Action (2.0.0):
    - RxCocoa (~> 3.0)
    - RxSwift (~> 3.0)
  - RxCocoa (3.0.1):
    - RxSwift (~> 3.0)
  - RxSwift (3.0.1)

DEPENDENCIES:
  - Action (~> 2.0.0)

SPEC CHECKSUMS:
  Action: 0bc7f713038917e2d8b7a0cc71278a79c1db06c1
  RxCocoa: 15a52fc590dcc700cb4a690a633b5c5184ce3a78
  RxSwift: af5680055c4ad04480189c52d28385b1029493a6

PODFILE CHECKSUM: 4749c0cd4c60677e1d71f8634f2e69d25a34300b

COCOAPODS: 1.1.1
