PODS:
  - NSObject+Rx (2.0.0):
    - RxSwift
  - RxCocoa (3.0.1):
    - RxSwift (~> 3.0)
  - RxDataSources (1.0.0):
    - RxCocoa (~> 3.0)
    - RxSwift (~> 3.0)
  - RxSwift (3.0.1)

DEPENDENCIES:
  - NSObject+Rx (~> 2.0.0)
  - RxDataSources (~> 1.0.0)

SPEC CHECKSUMS:
  NSObject+Rx: 2a9cd801d9c847e6d2486cbad8d7701b67834e70
  RxCocoa: 15a52fc590dcc700cb4a690a633b5c5184ce3a78
  RxDataSources: 824693e84d00781d0a5e5cedc1ff95ce9250aacd
  RxSwift: af5680055c4ad04480189c52d28385b1029493a6

PODFILE CHECKSUM: b3490764254da45dabe95d550e5ded812682583d

COCOAPODS: 1.1.1
