PODS:
  - RxCocoa (3.0.1):
    - RxSwift (~> 3.0)
  - RxSwift (3.0.1)
  - RxWebKit (0.3.3):
    - RxCocoa (~> 3.0.0)
    - RxSwift (~> 3.0.0)

DEPENDENCIES:
  - RxWebKit (~> 0.3.3)

SPEC CHECKSUMS:
  RxCocoa: 15a52fc590dcc700cb4a690a633b5c5184ce3a78
  RxSwift: af5680055c4ad04480189c52d28385b1029493a6
  RxWebKit: d237746fede36ebe8b94e724cabab5b00d8174e3

PODFILE CHECKSUM: d5d493c800aa512e21978083c503143b71566444

COCOAPODS: 1.1.1
